
Microsoft Visual Studio Solution File, Format Version 12.00
# Visual Studio Version 16
VisualStudioVersion = 16.0.30517.126
MinimumVisualStudioVersion = 10.0.40219.1
Project("{8BC9CEB8-8B4A-11D0-8D11-00A0C91BC942}") = "EggRenderer", "EggRenderer\EggRenderer.vcxproj", "{68A59883-807B-469E-9690-734B64EC09B9}"
EndProject
Project("{8BC9CEB8-8B4A-11D0-8D11-00A0C91BC942}") = "EggTestApplication", "EggTestApplication\EggTestApplication.vcxproj", "{6A5EAD77-1027-438B-B9F2-8B1329FD8828}"
	ProjectSection(ProjectDependencies) = postProject
		{68A59883-807B-469E-9690-734B64EC09B9} = {68A59883-807B-469E-9690-734B64EC09B9}
	EndProjectSection
EndProject
Global
	GlobalSection(SolutionConfigurationPlatforms) = preSolution
		Debug|x64 = Debug|x64
		Debug|x86 = Debug|x86
		Profiling|x64 = Profiling|x64
		Profiling|x86 = Profiling|x86
		Release|x64 = Release|x64
		Release|x86 = Release|x86
	EndGlobalSection
	GlobalSection(ProjectConfigurationPlatforms) = postSolution
		{68A59883-807B-469E-9690-734B64EC09B9}.Debug|x64.ActiveCfg = Debug|x64
		{68A59883-807B-469E-9690-734B64EC09B9}.Debug|x64.Build.0 = Debug|x64
		{68A59883-807B-469E-9690-734B64EC09B9}.Debug|x86.ActiveCfg = Debug|Win32
		{68A59883-807B-469E-9690-734B64EC09B9}.Debug|x86.Build.0 = Debug|Win32
		{68A59883-807B-469E-9690-734B64EC09B9}.Profiling|x64.ActiveCfg = Profiling|x64
		{68A59883-807B-469E-9690-734B64EC09B9}.Profiling|x64.Build.0 = Profiling|x64
		{68A59883-807B-469E-9690-734B64EC09B9}.Profiling|x86.ActiveCfg = Profiling|Win32
		{68A59883-807B-469E-9690-734B64EC09B9}.Profiling|x86.Build.0 = Profiling|Win32
		{68A59883-807B-469E-9690-734B64EC09B9}.Release|x64.ActiveCfg = Release|x64
		{68A59883-807B-469E-9690-734B64EC09B9}.Release|x64.Build.0 = Release|x64
		{68A59883-807B-469E-9690-734B64EC09B9}.Release|x86.ActiveCfg = Release|Win32
		{68A59883-807B-469E-9690-734B64EC09B9}.Release|x86.Build.0 = Release|Win32
		{6A5EAD77-1027-438B-B9F2-8B1329FD8828}.Debug|x64.ActiveCfg = Debug|x64
		{6A5EAD77-1027-438B-B9F2-8B1329FD8828}.Debug|x64.Build.0 = Debug|x64
		{6A5EAD77-1027-438B-B9F2-8B1329FD8828}.Debug|x86.ActiveCfg = Debug|Win32
		{6A5EAD77-1027-438B-B9F2-8B1329FD8828}.Debug|x86.Build.0 = Debug|Win32
		{6A5EAD77-1027-438B-B9F2-8B1329FD8828}.Profiling|x64.ActiveCfg = Profiling|x64
		{6A5EAD77-1027-438B-B9F2-8B1329FD8828}.Profiling|x64.Build.0 = Profiling|x64
		{6A5EAD77-1027-438B-B9F2-8B1329FD8828}.Profiling|x86.ActiveCfg = Profiling|Win32
		{6A5EAD77-1027-438B-B9F2-8B1329FD8828}.Profiling|x86.Build.0 = Profiling|Win32
		{6A5EAD77-1027-438B-B9F2-8B1329FD8828}.Release|x64.ActiveCfg = Release|x64
		{6A5EAD77-1027-438B-B9F2-8B1329FD8828}.Release|x64.Build.0 = Release|x64
		{6A5EAD77-1027-438B-B9F2-8B1329FD8828}.Release|x86.ActiveCfg = Release|Win32
		{6A5EAD77-1027-438B-B9F2-8B1329FD8828}.Release|x86.Build.0 = Release|Win32
	EndGlobalSection
	GlobalSection(SolutionProperties) = preSolution
		HideSolutionNode = FALSE
	EndGlobalSection
	GlobalSection(ExtensibilityGlobals) = postSolution
		SolutionGuid = {D908CC54-2FB2-4947-8846-9766FECB7047}
	EndGlobalSection
EndGlobal
